
Microsoft Visual Studio Solution File, Format Version 12.00
# Visual Studio Version 16
VisualStudioVersion = 16.0.32106.194
MinimumVisualStudioVersion = 10.0.40219.1
Project("{8BC9CEB8-8B4A-11D0-8D11-00A0C91BC942}") = "task9", "task9\task9.vcxproj", "{173ABB7F-506E-4E58-BC99-98BB88A48A67}"
EndProject
Global
	GlobalSection(SolutionConfigurationPlatforms) = preSolution
		Debug|x64 = Debug|x64
		Debug|x86 = Debug|x86
		Release|x64 = Release|x64
		Release|x86 = Release|x86
	EndGlobalSection
	GlobalSection(ProjectConfigurationPlatforms) = postSolution
		{173ABB7F-506E-4E58-BC99-98BB88A48A67}.Debug|x64.ActiveCfg = Debug|x64
		{173ABB7F-506E-4E58-BC99-98BB88A48A67}.Debug|x64.Build.0 = Debug|x64
		{173ABB7F-506E-4E58-BC99-98BB88A48A67}.Debug|x86.ActiveCfg = Debug|Win32
		{173ABB7F-506E-4E58-BC99-98BB88A48A67}.Debug|x86.Build.0 = Debug|Win32
		{173ABB7F-506E-4E58-BC99-98BB88A48A67}.Release|x64.ActiveCfg = Release|x64
		{173ABB7F-506E-4E58-BC99-98BB88A48A67}.Release|x64.Build.0 = Release|x64
		{173ABB7F-506E-4E58-BC99-98BB88A48A67}.Release|x86.ActiveCfg = Release|Win32
		{173ABB7F-506E-4E58-BC99-98BB88A48A67}.Release|x86.Build.0 = Release|Win32
	EndGlobalSection
	GlobalSection(SolutionProperties) = preSolution
		HideSolutionNode = FALSE
	EndGlobalSection
	GlobalSection(ExtensibilityGlobals) = postSolution
		SolutionGuid = {84B84B28-06B9-4E8A-9042-E2B6FB572090}
	EndGlobalSection
EndGlobal
